{
  "name": "stream-encrypted-chat-master",
  "version": "1.0.0",
  "lockfileVersion": 2,
  "requires": true,
  "packages": {
    "": {
      "name": "stream-encrypted-chat-master",
      "version": "1.0.0",
      "license": "ISC",
      "engines": {
        "node": ">=11.14.0",
        "npm": "8.5.0"
      }
    }
  }
}
